
Microsoft Visual Studio Solution File, Format Version 12.00
# Visual Studio 14
VisualStudioVersion = 14.0.24720.0
MinimumVisualStudioVersion = 10.0.40219.1
Project("{FAE04EC0-301F-11D3-BF4B-00C04F79EFBC}") = "TravelCardCodeKata", "TravelCardCodeKata\TravelCardCodeKata.csproj", "{45DD80E7-5ED7-4B24-8E30-9788D69BC245}"
EndProject
Project("{FAE04EC0-301F-11D3-BF4B-00C04F79EFBC}") = "TravelCardCodeKataUnitTests", "TravelCardCodeKataUnitTests\TravelCardCodeKataUnitTests.csproj", "{0F5D80C0-2E19-415C-AD5F-4C11DEECA4C4}"
EndProject
Global
	GlobalSection(SolutionConfigurationPlatforms) = preSolution
		Debug|Any CPU = Debug|Any CPU
		Release|Any CPU = Release|Any CPU
	EndGlobalSection
	GlobalSection(ProjectConfigurationPlatforms) = postSolution
		{45DD80E7-5ED7-4B24-8E30-9788D69BC245}.Debug|Any CPU.ActiveCfg = Debug|Any CPU
		{45DD80E7-5ED7-4B24-8E30-9788D69BC245}.Debug|Any CPU.Build.0 = Debug|Any CPU
		{45DD80E7-5ED7-4B24-8E30-9788D69BC245}.Release|Any CPU.ActiveCfg = Release|Any CPU
		{45DD80E7-5ED7-4B24-8E30-9788D69BC245}.Release|Any CPU.Build.0 = Release|Any CPU
		{0F5D80C0-2E19-415C-AD5F-4C11DEECA4C4}.Debug|Any CPU.ActiveCfg = Debug|Any CPU
		{0F5D80C0-2E19-415C-AD5F-4C11DEECA4C4}.Debug|Any CPU.Build.0 = Debug|Any CPU
		{0F5D80C0-2E19-415C-AD5F-4C11DEECA4C4}.Release|Any CPU.ActiveCfg = Release|Any CPU
		{0F5D80C0-2E19-415C-AD5F-4C11DEECA4C4}.Release|Any CPU.Build.0 = Release|Any CPU
	EndGlobalSection
	GlobalSection(SolutionProperties) = preSolution
		HideSolutionNode = FALSE
	EndGlobalSection
EndGlobal
